<?xml version="1.0" encoding="utf-8"?>
<Project ToolsVersion="4.0" xmlns="http://schemas.microsoft.com/developer/msbuild/2003">
  <ItemGroup>
    <Filter Include="02. Contents">
      <UniqueIdentifier>{b11fd85a-3f7c-4c3a-9b3d-0ced163b3967}</UniqueIdentifier>
    </Filter>
    <Filter Include="03. Scripts">
      <UniqueIdentifier>{ee1aa55e-b0d0-49d5-b9a9-1f3fcef7d56c}</UniqueIdentifier>
    </Filter>
    <Filter Include="04. FSM">
      <UniqueIdentifier>{edb50827-e173-43cf-af34-aaa19120f79c}</UniqueIdentifier>
    </Filter>
    <Filter Include="01. Scenes">
      <UniqueIdentifier>{47326e31-faa0-483d-8e7a-1586b318a151}</UniqueIdentifier>
    </Filter>
    <Filter Include="99. Andromeda">
      <UniqueIdentifier>{21fdceb4-d4ce-4f8b-bae9-f9ee4844b3b2}</UniqueIdentifier>
    </Filter>
    <Filter Include="04. FSM\01. Chicken">
      <UniqueIdentifier>{cfba7e22-ddd0-481e-999f-60011a342ea8}</UniqueIdentifier>
    </Filter>
    <Filter Include="04. FSM\02. Player">
      <UniqueIdentifier>{e18c1b36-914a-47c9-907a-34faeac3fc2e}</UniqueIdentifier>
    </Filter>
  </ItemGroup>
  <ItemGroup>
    <ClInclude Include="LoadScenes.h">
      <Filter>01. Scenes</Filter>
    </ClInclude>
    <ClInclude Include="PlayScene.h">
      <Filter>01. Scenes</Filter>
    </ClInclude>
    <ClInclude Include="targetver.h">
      <Filter>99. Andromeda</Filter>
    </ClInclude>
    <ClInclude Include="Resource.h">
      <Filter>99. Andromeda</Filter>
    </ClInclude>
    <ClInclude Include="framework.h">
      <Filter>99. Andromeda</Filter>
    </ClInclude>
    <ClInclude Include="Client.h">
      <Filter>99. Andromeda</Filter>
    </ClInclude>
    <ClInclude Include="TitleScene.h">
      <Filter>01. Scenes</Filter>
    </ClInclude>
    <ClInclude Include="Player.h">
      <Filter>02. Contents</Filter>
    </ClInclude>
    <ClInclude Include="LoadResources.h" />
    <ClInclude Include="PlayerScript.h">
      <Filter>03. Scripts</Filter>
    </ClInclude>
    <ClInclude Include="ChickenScript.h">
      <Filter>03. Scripts</Filter>
    </ClInclude>
    <ClInclude Include="Chicken.h">
      <Filter>02. Contents</Filter>
    </ClInclude>
    <ClInclude Include="CatScript.h">
      <Filter>03. Scripts</Filter>
    </ClInclude>
    <ClInclude Include="FSM.h">
      <Filter>04. FSM</Filter>
    </ClInclude>
    <ClInclude Include="ChickenAttackState.h">
      <Filter>04. FSM\01. Chicken</Filter>
    </ClInclude>
    <ClInclude Include="ChickenChaseState.h">
      <Filter>04. FSM\01. Chicken</Filter>
    </ClInclude>
    <ClInclude Include="ChickenSitDownState.h">
      <Filter>04. FSM\01. Chicken</Filter>
    </ClInclude>
    <ClInclude Include="ChickenState.h">
      <Filter>04. FSM\01. Chicken</Filter>
    </ClInclude>
    <ClInclude Include="PlayerState.h">
      <Filter>04. FSM\02. Player</Filter>
    </ClInclude>
    <ClInclude Include="PlayerSitDownState.h">
      <Filter>04. FSM\02. Player</Filter>
    </ClInclude>
    <ClInclude Include="PlayerWalkState.h">
      <Filter>04. FSM\02. Player</Filter>
    </ClInclude>
  </ItemGroup>
  <ItemGroup>
    <Image Include="Client.ico">
      <Filter>99. Andromeda</Filter>
    </Image>
    <Image Include="small.ico">
      <Filter>99. Andromeda</Filter>
    </Image>
  </ItemGroup>
  <ItemGroup>
    <ClCompile Include="main.cpp" />
    <ClCompile Include="PlayScene.cpp">
      <Filter>01. Scenes</Filter>
    </ClCompile>
    <ClCompile Include="TitleScene.cpp">
      <Filter>01. Scenes</Filter>
    </ClCompile>
    <ClCompile Include="Player.cpp">
      <Filter>02. Contents</Filter>
    </ClCompile>
    <ClCompile Include="PlayerScript.cpp">
      <Filter>03. Scripts</Filter>
    </ClCompile>
    <ClCompile Include="ChickenScript.cpp">
      <Filter>03. Scripts</Filter>
    </ClCompile>
    <ClCompile Include="Chicken.cpp">
      <Filter>02. Contents</Filter>
    </ClCompile>
    <ClCompile Include="CatScript.cpp">
      <Filter>03. Scripts</Filter>
    </ClCompile>
    <ClCompile Include="ChickenAttackState.cpp">
      <Filter>04. FSM\01. Chicken</Filter>
    </ClCompile>
    <ClCompile Include="ChickenChaseState.cpp">
      <Filter>04. FSM\01. Chicken</Filter>
    </ClCompile>
    <ClCompile Include="ChickenSitDownState.cpp">
      <Filter>04. FSM\01. Chicken</Filter>
    </ClCompile>
    <ClCompile Include="ChickenState.cpp">
      <Filter>04. FSM\01. Chicken</Filter>
    </ClCompile>
    <ClCompile Include="PlayerState.cpp">
      <Filter>04. FSM\02. Player</Filter>
    </ClCompile>
    <ClCompile Include="PlayerSitDownState.cpp">
      <Filter>04. FSM\02. Player</Filter>
    </ClCompile>
    <ClCompile Include="PlayerWalkState.cpp">
      <Filter>04. FSM\02. Player</Filter>
    </ClCompile>
  </ItemGroup>
  <ItemGroup>
    <ResourceCompile Include="Client.rc">
      <Filter>99. Andromeda</Filter>
    </ResourceCompile>
  </ItemGroup>
</Project>