<?xml version="1.0" encoding="utf-8"?>
<Project ToolsVersion="4.0" xmlns="http://schemas.microsoft.com/developer/msbuild/2003">
  <ItemGroup>
    <Filter Include="99.Andromeda">
      <UniqueIdentifier>{21fdceb4-d4ce-4f8b-bae9-f9ee4844b3b2}</UniqueIdentifier>
    </Filter>
    <Filter Include="01.Scenes">
      <UniqueIdentifier>{47326e31-faa0-483d-8e7a-1586b318a151}</UniqueIdentifier>
    </Filter>
    <Filter Include="02. Contents">
      <UniqueIdentifier>{b11fd85a-3f7c-4c3a-9b3d-0ced163b3967}</UniqueIdentifier>
    </Filter>
    <Filter Include="03. Scripts">
      <UniqueIdentifier>{ee1aa55e-b0d0-49d5-b9a9-1f3fcef7d56c}</UniqueIdentifier>
    </Filter>
  </ItemGroup>
  <ItemGroup>
    <ClInclude Include="LoadScenes.h">
      <Filter>01.Scenes</Filter>
    </ClInclude>
    <ClInclude Include="PlayScene.h">
      <Filter>01.Scenes</Filter>
    </ClInclude>
    <ClInclude Include="targetver.h">
      <Filter>99.Andromeda</Filter>
    </ClInclude>
    <ClInclude Include="Resource.h">
      <Filter>99.Andromeda</Filter>
    </ClInclude>
    <ClInclude Include="framework.h">
      <Filter>99.Andromeda</Filter>
    </ClInclude>
    <ClInclude Include="Client.h">
      <Filter>99.Andromeda</Filter>
    </ClInclude>
    <ClInclude Include="TitleScene.h">
      <Filter>01.Scenes</Filter>
    </ClInclude>
    <ClInclude Include="Player.h">
      <Filter>02. Contents</Filter>
    </ClInclude>
    <ClInclude Include="LoadResources.h" />
    <ClInclude Include="PlayerScript.h">
      <Filter>03. Scripts</Filter>
    </ClInclude>
    <ClInclude Include="ChickenScript.h">
      <Filter>03. Scripts</Filter>
    </ClInclude>
    <ClInclude Include="Chicken.h">
      <Filter>02. Contents</Filter>
    </ClInclude>
  </ItemGroup>
  <ItemGroup>
    <Image Include="Client.ico">
      <Filter>99.Andromeda</Filter>
    </Image>
    <Image Include="small.ico">
      <Filter>99.Andromeda</Filter>
    </Image>
  </ItemGroup>
  <ItemGroup>
    <ClCompile Include="main.cpp" />
    <ClCompile Include="PlayScene.cpp">
      <Filter>01.Scenes</Filter>
    </ClCompile>
    <ClCompile Include="TitleScene.cpp">
      <Filter>01.Scenes</Filter>
    </ClCompile>
    <ClCompile Include="Player.cpp">
      <Filter>02. Contents</Filter>
    </ClCompile>
    <ClCompile Include="PlayerScript.cpp">
      <Filter>03. Scripts</Filter>
    </ClCompile>
    <ClCompile Include="ChickenScript.cpp">
      <Filter>03. Scripts</Filter>
    </ClCompile>
    <ClCompile Include="Chicken.cpp">
      <Filter>02. Contents</Filter>
    </ClCompile>
  </ItemGroup>
  <ItemGroup>
    <ResourceCompile Include="Client.rc">
      <Filter>99.Andromeda</Filter>
    </ResourceCompile>
  </ItemGroup>
</Project>